// !$*UTF8*$!
{
	archiveVersion = 1;
	classes = {
	};
	objectVersion = 50;
	objects = {

/* Begin PBXBuildFile section */
		5B6E50A52584D7730089BF17 /* SudokuProcessor.swift in Sources */ = {isa = PBXBuildFile; fileRef = 5B6E50A42584D7730089BF17 /* SudokuProcessor.swift */; };
		5B6E50AB2584E48B0089BF17 /* MNISTClassifier.mlmodel in Sources */ = {isa = PBXBuildFile; fileRef = 5B6E50AA2584E48B0089BF17 /* MNISTClassifier.mlmodel */; };
		5B6E50C4258509CB0089BF17 /* UIImage-Extensions.swift in Sources */ = {isa = PBXBuildFile; fileRef = 5B6E50C3258509CB0089BF17 /* UIImage-Extensions.swift */; };
		5B6E50D225854E3B0089BF17 /* SimpleBacktrackingSolver.swift in Sources */ = {isa = PBXBuildFile; fileRef = 5B6E50D125854E3B0089BF17 /* SimpleBacktrackingSolver.swift */; };
		5B6E50E525854E5F0089BF17 /* SimpleBacktrackingSolverTests.swift in Sources */ = {isa = PBXBuildFile; fileRef = 5B6E50E425854E5F0089BF17 /* SimpleBacktrackingSolverTests.swift */; };
		5B7E9B112581637900E5AD53 /* SudokuSolverApp.swift in Sources */ = {isa = PBXBuildFile; fileRef = 5B7E9B102581637900E5AD53 /* SudokuSolverApp.swift */; };
		5B7E9B132581637900E5AD53 /* ContentView.swift in Sources */ = {isa = PBXBuildFile; fileRef = 5B7E9B122581637900E5AD53 /* ContentView.swift */; };
		5B7E9B152581637A00E5AD53 /* Assets.xcassets in Resources */ = {isa = PBXBuildFile; fileRef = 5B7E9B142581637A00E5AD53 /* Assets.xcassets */; };
		5B7E9B182581637A00E5AD53 /* Preview Assets.xcassets in Resources */ = {isa = PBXBuildFile; fileRef = 5B7E9B172581637A00E5AD53 /* Preview Assets.xcassets */; };
		5B7E9B212581639D00E5AD53 /* README.md in Resources */ = {isa = PBXBuildFile; fileRef = 5B7E9B202581639D00E5AD53 /* README.md */; };
		5B9F07972582477B00BBA964 /* ImagePicker.swift in Sources */ = {isa = PBXBuildFile; fileRef = 5B9F07962582477B00BBA964 /* ImagePicker.swift */; };
		5B9F079B25824AFA00BBA964 /* opencv2.framework in Frameworks */ = {isa = PBXBuildFile; fileRef = 5B9F079A25824AF900BBA964 /* opencv2.framework */; };
		5B9F079E25824C0900BBA964 /* Settings.bundle in Resources */ = {isa = PBXBuildFile; fileRef = 5B9F079D25824C0800BBA964 /* Settings.bundle */; };
		5BD42F712582521D006F8B3D /* BoardExtractor.cpp in Sources */ = {isa = PBXBuildFile; fileRef = 5BD42F6F2582521D006F8B3D /* BoardExtractor.cpp */; };
		5BD42F7C25825350006F8B3D /* BoardExtractorBridge.mm in Sources */ = {isa = PBXBuildFile; fileRef = 5BD42F7B2582534F006F8B3D /* BoardExtractorBridge.mm */; };
		5BD42F862583830D006F8B3D /* DigitCleaner.cpp in Sources */ = {isa = PBXBuildFile; fileRef = 5BD42F842583830C006F8B3D /* DigitCleaner.cpp */; };
		5BD42F8C2583832D006F8B3D /* DigitCleanerBridge.mm in Sources */ = {isa = PBXBuildFile; fileRef = 5BD42F8B2583832D006F8B3D /* DigitCleanerBridge.mm */; };
/* End PBXBuildFile section */

/* Begin PBXContainerItemProxy section */
		5B6E50DD25854E500089BF17 /* PBXContainerItemProxy */ = {
			isa = PBXContainerItemProxy;
			containerPortal = 5B7E9B052581637900E5AD53 /* Project object */;
			proxyType = 1;
			remoteGlobalIDString = 5B7E9B0C2581637900E5AD53;
			remoteInfo = SudokuSolver;
		};
/* End PBXContainerItemProxy section */

/* Begin PBXFileReference section */
		5B6E50A42584D7730089BF17 /* SudokuProcessor.swift */ = {isa = PBXFileReference; lastKnownFileType = sourcecode.swift; path = SudokuProcessor.swift; sourceTree = "<group>"; };
		5B6E50AA2584E48B0089BF17 /* MNISTClassifier.mlmodel */ = {isa = PBXFileReference; lastKnownFileType = file.mlmodel; path = MNISTClassifier.mlmodel; sourceTree = "<group>"; };
		5B6E50C3258509CB0089BF17 /* UIImage-Extensions.swift */ = {isa = PBXFileReference; lastKnownFileType = sourcecode.swift; path = "UIImage-Extensions.swift"; sourceTree = "<group>"; };
		5B6E50D125854E3B0089BF17 /* SimpleBacktrackingSolver.swift */ = {isa = PBXFileReference; lastKnownFileType = sourcecode.swift; path = SimpleBacktrackingSolver.swift; sourceTree = "<group>"; };
		5B6E50D825854E500089BF17 /* SudokuSolverTests.xctest */ = {isa = PBXFileReference; explicitFileType = wrapper.cfbundle; includeInIndex = 0; path = SudokuSolverTests.xctest; sourceTree = BUILT_PRODUCTS_DIR; };
		5B6E50DC25854E500089BF17 /* Info.plist */ = {isa = PBXFileReference; lastKnownFileType = text.plist.xml; path = Info.plist; sourceTree = "<group>"; };
		5B6E50E425854E5F0089BF17 /* SimpleBacktrackingSolverTests.swift */ = {isa = PBXFileReference; lastKnownFileType = sourcecode.swift; path = SimpleBacktrackingSolverTests.swift; sourceTree = "<group>"; };
		5B7E9B0D2581637900E5AD53 /* SudokuSolver.app */ = {isa = PBXFileReference; explicitFileType = wrapper.application; includeInIndex = 0; path = SudokuSolver.app; sourceTree = BUILT_PRODUCTS_DIR; };
		5B7E9B102581637900E5AD53 /* SudokuSolverApp.swift */ = {isa = PBXFileReference; lastKnownFileType = sourcecode.swift; path = SudokuSolverApp.swift; sourceTree = "<group>"; };
		5B7E9B122581637900E5AD53 /* ContentView.swift */ = {isa = PBXFileReference; lastKnownFileType = sourcecode.swift; path = ContentView.swift; sourceTree = "<group>"; };
		5B7E9B142581637A00E5AD53 /* Assets.xcassets */ = {isa = PBXFileReference; lastKnownFileType = folder.assetcatalog; path = Assets.xcassets; sourceTree = "<group>"; };
		5B7E9B172581637A00E5AD53 /* Preview Assets.xcassets */ = {isa = PBXFileReference; lastKnownFileType = folder.assetcatalog; path = "Preview Assets.xcassets"; sourceTree = "<group>"; };
		5B7E9B192581637A00E5AD53 /* Info.plist */ = {isa = PBXFileReference; lastKnownFileType = text.plist.xml; path = Info.plist; sourceTree = "<group>"; };
		5B7E9B202581639D00E5AD53 /* README.md */ = {isa = PBXFileReference; fileEncoding = 4; lastKnownFileType = net.daringfireball.markdown; path = README.md; sourceTree = "<group>"; };
		5B9F07962582477B00BBA964 /* ImagePicker.swift */ = {isa = PBXFileReference; lastKnownFileType = sourcecode.swift; path = ImagePicker.swift; sourceTree = "<group>"; };
		5B9F079A25824AF900BBA964 /* opencv2.framework */ = {isa = PBXFileReference; lastKnownFileType = wrapper.framework; name = opencv2.framework; path = Frameworks/opencv2.framework; sourceTree = "<group>"; };
		5B9F079D25824C0800BBA964 /* Settings.bundle */ = {isa = PBXFileReference; lastKnownFileType = "wrapper.plug-in"; path = Settings.bundle; sourceTree = "<group>"; };
		5BD42F6E2582521D006F8B3D /* SudokuSolver-Bridging-Header.h */ = {isa = PBXFileReference; lastKnownFileType = sourcecode.c.h; path = "SudokuSolver-Bridging-Header.h"; sourceTree = "<group>"; };
		5BD42F6F2582521D006F8B3D /* BoardExtractor.cpp */ = {isa = PBXFileReference; lastKnownFileType = sourcecode.cpp.cpp; path = BoardExtractor.cpp; sourceTree = "<group>"; };
		5BD42F702582521D006F8B3D /* BoardExtractor.hpp */ = {isa = PBXFileReference; lastKnownFileType = sourcecode.cpp.h; path = BoardExtractor.hpp; sourceTree = "<group>"; };
		5BD42F79258252E6006F8B3D /* BoardExtractorBridge.h */ = {isa = PBXFileReference; lastKnownFileType = sourcecode.c.h; path = BoardExtractorBridge.h; sourceTree = "<group>"; };
		5BD42F7B2582534F006F8B3D /* BoardExtractorBridge.mm */ = {isa = PBXFileReference; lastKnownFileType = sourcecode.cpp.objcpp; path = BoardExtractorBridge.mm; sourceTree = "<group>"; };
		5BD42F842583830C006F8B3D /* DigitCleaner.cpp */ = {isa = PBXFileReference; lastKnownFileType = sourcecode.cpp.cpp; path = DigitCleaner.cpp; sourceTree = "<group>"; };
		5BD42F852583830C006F8B3D /* DigitCleaner.hpp */ = {isa = PBXFileReference; lastKnownFileType = sourcecode.cpp.h; path = DigitCleaner.hpp; sourceTree = "<group>"; };
		5BD42F8A25838322006F8B3D /* DigitCleanerBridge.h */ = {isa = PBXFileReference; lastKnownFileType = sourcecode.c.h; path = DigitCleanerBridge.h; sourceTree = "<group>"; };
		5BD42F8B2583832D006F8B3D /* DigitCleanerBridge.mm */ = {isa = PBXFileReference; lastKnownFileType = sourcecode.cpp.objcpp; path = DigitCleanerBridge.mm; sourceTree = "<group>"; };
/* End PBXFileReference section */

/* Begin PBXFrameworksBuildPhase section */
		5B6E50D525854E4F0089BF17 /* Frameworks */ = {
			isa = PBXFrameworksBuildPhase;
			buildActionMask = 2147483647;
			files = (
			);
			runOnlyForDeploymentPostprocessing = 0;
		};
		5B7E9B0A2581637900E5AD53 /* Frameworks */ = {
			isa = PBXFrameworksBuildPhase;
			buildActionMask = 2147483647;
			files = (
				5B9F079B25824AFA00BBA964 /* opencv2.framework in Frameworks */,
			);
			runOnlyForDeploymentPostprocessing = 0;
		};
/* End PBXFrameworksBuildPhase section */

/* Begin PBXGroup section */
		5B6E50D925854E500089BF17 /* SudokuSolverTests */ = {
			isa = PBXGroup;
			children = (
				5B6E50E425854E5F0089BF17 /* SimpleBacktrackingSolverTests.swift */,
				5B6E50DC25854E500089BF17 /* Info.plist */,
			);
			path = SudokuSolverTests;
			sourceTree = "<group>";
		};
		5B7E9B042581637900E5AD53 = {
			isa = PBXGroup;
			children = (
				5B7E9B202581639D00E5AD53 /* README.md */,
				5B7E9B0F2581637900E5AD53 /* SudokuSolver */,
				5B6E50D925854E500089BF17 /* SudokuSolverTests */,
				5B7E9B0E2581637900E5AD53 /* Products */,
				5B9F079925824AF900BBA964 /* Frameworks */,
			);
			sourceTree = "<group>";
		};
		5B7E9B0E2581637900E5AD53 /* Products */ = {
			isa = PBXGroup;
			children = (
				5B7E9B0D2581637900E5AD53 /* SudokuSolver.app */,
				5B6E50D825854E500089BF17 /* SudokuSolverTests.xctest */,
			);
			name = Products;
			sourceTree = "<group>";
		};
		5B7E9B0F2581637900E5AD53 /* SudokuSolver */ = {
			isa = PBXGroup;
			children = (
				5B7E9B102581637900E5AD53 /* SudokuSolverApp.swift */,
				5B6E50A42584D7730089BF17 /* SudokuProcessor.swift */,
				5B6E50D125854E3B0089BF17 /* SimpleBacktrackingSolver.swift */,
				5B7E9B122581637900E5AD53 /* ContentView.swift */,
				5B9F07962582477B00BBA964 /* ImagePicker.swift */,
				5BD42F732582527B006F8B3D /* BoardExtractor */,
				5BD42F83258382F7006F8B3D /* DigitCleaner */,
				5BD42F6E2582521D006F8B3D /* SudokuSolver-Bridging-Header.h */,
				5B6E50C3258509CB0089BF17 /* UIImage-Extensions.swift */,
				5B7E9B142581637A00E5AD53 /* Assets.xcassets */,
				5B7E9B192581637A00E5AD53 /* Info.plist */,
				5B6E50AA2584E48B0089BF17 /* MNISTClassifier.mlmodel */,
				5B7E9B162581637A00E5AD53 /* Preview Content */,
				5B9F079D25824C0800BBA964 /* Settings.bundle */,
			);
			path = SudokuSolver;
			sourceTree = "<group>";
		};
		5B7E9B162581637A00E5AD53 /* Preview Content */ = {
			isa = PBXGroup;
			children = (
				5B7E9B172581637A00E5AD53 /* Preview Assets.xcassets */,
			);
			path = "Preview Content";
			sourceTree = "<group>";
		};
		5B9F079925824AF900BBA964 /* Frameworks */ = {
			isa = PBXGroup;
			children = (
				5B9F079A25824AF900BBA964 /* opencv2.framework */,
			);
			name = Frameworks;
			sourceTree = "<group>";
		};
		5BD42F732582527B006F8B3D /* BoardExtractor */ = {
			isa = PBXGroup;
			children = (
				5BD42F702582521D006F8B3D /* BoardExtractor.hpp */,
				5BD42F6F2582521D006F8B3D /* BoardExtractor.cpp */,
				5BD42F79258252E6006F8B3D /* BoardExtractorBridge.h */,
				5BD42F7B2582534F006F8B3D /* BoardExtractorBridge.mm */,
			);
			path = BoardExtractor;
			sourceTree = "<group>";
		};
		5BD42F83258382F7006F8B3D /* DigitCleaner */ = {
			isa = PBXGroup;
			children = (
				5BD42F852583830C006F8B3D /* DigitCleaner.hpp */,
				5BD42F842583830C006F8B3D /* DigitCleaner.cpp */,
				5BD42F8A25838322006F8B3D /* DigitCleanerBridge.h */,
				5BD42F8B2583832D006F8B3D /* DigitCleanerBridge.mm */,
			);
			path = DigitCleaner;
			sourceTree = "<group>";
		};
/* End PBXGroup section */

/* Begin PBXNativeTarget section */
		5B6E50D725854E4F0089BF17 /* SudokuSolverTests */ = {
			isa = PBXNativeTarget;
			buildConfigurationList = 5B6E50DF25854E500089BF17 /* Build configuration list for PBXNativeTarget "SudokuSolverTests" */;
			buildPhases = (
				5B6E50D425854E4F0089BF17 /* Sources */,
				5B6E50D525854E4F0089BF17 /* Frameworks */,
				5B6E50D625854E4F0089BF17 /* Resources */,
			);
			buildRules = (
			);
			dependencies = (
				5B6E50DE25854E500089BF17 /* PBXTargetDependency */,
			);
			name = SudokuSolverTests;
			productName = SudokuSolverTests;
			productReference = 5B6E50D825854E500089BF17 /* SudokuSolverTests.xctest */;
			productType = "com.apple.product-type.bundle.unit-test";
		};
		5B7E9B0C2581637900E5AD53 /* SudokuSolver */ = {
			isa = PBXNativeTarget;
			buildConfigurationList = 5B7E9B1C2581637A00E5AD53 /* Build configuration list for PBXNativeTarget "SudokuSolver" */;
			buildPhases = (
				5B7E9B092581637900E5AD53 /* Sources */,
				5B7E9B0A2581637900E5AD53 /* Frameworks */,
				5B7E9B0B2581637900E5AD53 /* Resources */,
			);
			buildRules = (
			);
			dependencies = (
			);
			name = SudokuSolver;
			productName = SudokuSolver;
			productReference = 5B7E9B0D2581637900E5AD53 /* SudokuSolver.app */;
			productType = "com.apple.product-type.application";
		};
/* End PBXNativeTarget section */

/* Begin PBXProject section */
		5B7E9B052581637900E5AD53 /* Project object */ = {
			isa = PBXProject;
			attributes = {
				LastSwiftUpdateCheck = 1220;
				LastUpgradeCheck = 1220;
				ORGANIZATIONNAME = "Vegard Skui";
				TargetAttributes = {
					5B6E50D725854E4F0089BF17 = {
						CreatedOnToolsVersion = 12.2;
						TestTargetID = 5B7E9B0C2581637900E5AD53;
					};
					5B7E9B0C2581637900E5AD53 = {
						CreatedOnToolsVersion = 12.2;
						LastSwiftMigration = 1220;
					};
				};
			};
			buildConfigurationList = 5B7E9B082581637900E5AD53 /* Build configuration list for PBXProject "SudokuSolver" */;
			compatibilityVersion = "Xcode 9.3";
			developmentRegion = en;
			hasScannedForEncodings = 0;
			knownRegions = (
				en,
				Base,
			);
			mainGroup = 5B7E9B042581637900E5AD53;
			productRefGroup = 5B7E9B0E2581637900E5AD53 /* Products */;
			projectDirPath = "";
			projectRoot = "";
			targets = (
				5B7E9B0C2581637900E5AD53 /* SudokuSolver */,
				5B6E50D725854E4F0089BF17 /* SudokuSolverTests */,
			);
		};
/* End PBXProject section */

/* Begin PBXResourcesBuildPhase section */
		5B6E50D625854E4F0089BF17 /* Resources */ = {
			isa = PBXResourcesBuildPhase;
			buildActionMask = 2147483647;
			files = (
			);
			runOnlyForDeploymentPostprocessing = 0;
		};
		5B7E9B0B2581637900E5AD53 /* Resources */ = {
			isa = PBXResourcesBuildPhase;
			buildActionMask = 2147483647;
			files = (
				5B9F079E25824C0900BBA964 /* Settings.bundle in Resources */,
				5B7E9B212581639D00E5AD53 /* README.md in Resources */,
				5B7E9B182581637A00E5AD53 /* Preview Assets.xcassets in Resources */,
				5B7E9B152581637A00E5AD53 /* Assets.xcassets in Resources */,
			);
			runOnlyForDeploymentPostprocessing = 0;
		};
/* End PBXResourcesBuildPhase section */

/* Begin PBXSourcesBuildPhase section */
		5B6E50D425854E4F0089BF17 /* Sources */ = {
			isa = PBXSourcesBuildPhase;
			buildActionMask = 2147483647;
			files = (
				5B6E50E525854E5F0089BF17 /* SimpleBacktrackingSolverTests.swift in Sources */,
			);
			runOnlyForDeploymentPostprocessing = 0;
		};
		5B7E9B092581637900E5AD53 /* Sources */ = {
			isa = PBXSourcesBuildPhase;
			buildActionMask = 2147483647;
			files = (
				5BD42F862583830D006F8B3D /* DigitCleaner.cpp in Sources */,
				5B9F07972582477B00BBA964 /* ImagePicker.swift in Sources */,
				5B6E50D225854E3B0089BF17 /* SimpleBacktrackingSolver.swift in Sources */,
				5B7E9B132581637900E5AD53 /* ContentView.swift in Sources */,
				5B6E50A52584D7730089BF17 /* SudokuProcessor.swift in Sources */,
				5BD42F7C25825350006F8B3D /* BoardExtractorBridge.mm in Sources */,
				5B6E50C4258509CB0089BF17 /* UIImage-Extensions.swift in Sources */,
				5B7E9B112581637900E5AD53 /* SudokuSolverApp.swift in Sources */,
				5BD42F8C2583832D006F8B3D /* DigitCleanerBridge.mm in Sources */,
				5BD42F712582521D006F8B3D /* BoardExtractor.cpp in Sources */,
				5B6E50AB2584E48B0089BF17 /* MNISTClassifier.mlmodel in Sources */,
			);
			runOnlyForDeploymentPostprocessing = 0;
		};
/* End PBXSourcesBuildPhase section */

/* Begin PBXTargetDependency section */
		5B6E50DE25854E500089BF17 /* PBXTargetDependency */ = {
			isa = PBXTargetDependency;
			target = 5B7E9B0C2581637900E5AD53 /* SudokuSolver */;
			targetProxy = 5B6E50DD25854E500089BF17 /* PBXContainerItemProxy */;
		};
/* End PBXTargetDependency section */

/* Begin XCBuildConfiguration section */
		5B6E50E025854E500089BF17 /* Debug */ = {
			isa = XCBuildConfiguration;
			buildSettings = {
				BUNDLE_LOADER = "$(TEST_HOST)";
				CODE_SIGN_STYLE = Automatic;
				DEVELOPMENT_TEAM = DHBK22HHBU;
				INFOPLIST_FILE = SudokuSolverTests/Info.plist;
				LD_RUNPATH_SEARCH_PATHS = (
					"$(inherited)",
					"@executable_path/Frameworks",
					"@loader_path/Frameworks",
				);
				PRODUCT_BUNDLE_IDENTIFIER = com.vegardskui.SudokuSolverTests;
				PRODUCT_NAME = "$(TARGET_NAME)";
				SWIFT_VERSION = 5.0;
				TARGETED_DEVICE_FAMILY = "1,2";
				TEST_HOST = "$(BUILT_PRODUCTS_DIR)/SudokuSolver.app/SudokuSolver";
			};
			name = Debug;
		};
		5B6E50E125854E500089BF17 /* Release */ = {
			isa = XCBuildConfiguration;
			buildSettings = {
				BUNDLE_LOADER = "$(TEST_HOST)";
				CODE_SIGN_STYLE = Automatic;
				DEVELOPMENT_TEAM = DHBK22HHBU;
				INFOPLIST_FILE = SudokuSolverTests/Info.plist;
				LD_RUNPATH_SEARCH_PATHS = (
					"$(inherited)",
					"@executable_path/Frameworks",
					"@loader_path/Frameworks",
				);
				PRODUCT_BUNDLE_IDENTIFIER = com.vegardskui.SudokuSolverTests;
				PRODUCT_NAME = "$(TARGET_NAME)";
				SWIFT_VERSION = 5.0;
				TARGETED_DEVICE_FAMILY = "1,2";
				TEST_HOST = "$(BUILT_PRODUCTS_DIR)/SudokuSolver.app/SudokuSolver";
			};
			name = Release;
		};
		5B7E9B1A2581637A00E5AD53 /* Debug */ = {
			isa = XCBuildConfiguration;
			buildSettings = {
				ALWAYS_SEARCH_USER_PATHS = NO;
				CLANG_ANALYZER_NONNULL = YES;
				CLANG_ANALYZER_NUMBER_OBJECT_CONVERSION = YES_AGGRESSIVE;
				CLANG_CXX_LANGUAGE_STANDARD = "gnu++14";
				CLANG_CXX_LIBRARY = "libc++";
				CLANG_ENABLE_MODULES = YES;
				CLANG_ENABLE_OBJC_ARC = YES;
				CLANG_ENABLE_OBJC_WEAK = YES;
				CLANG_WARN_BLOCK_CAPTURE_AUTORELEASING = YES;
				CLANG_WARN_BOOL_CONVERSION = YES;
				CLANG_WARN_COMMA = YES;
				CLANG_WARN_CONSTANT_CONVERSION = YES;
				CLANG_WARN_DEPRECATED_OBJC_IMPLEMENTATIONS = YES;
				CLANG_WARN_DIRECT_OBJC_ISA_USAGE = YES_ERROR;
				CLANG_WARN_DOCUMENTATION_COMMENTS = YES;
				CLANG_WARN_EMPTY_BODY = YES;
				CLANG_WARN_ENUM_CONVERSION = YES;
				CLANG_WARN_INFINITE_RECURSION = YES;
				CLANG_WARN_INT_CONVERSION = YES;
				CLANG_WARN_NON_LITERAL_NULL_CONVERSION = YES;
				CLANG_WARN_OBJC_IMPLICIT_RETAIN_SELF = YES;
				CLANG_WARN_OBJC_LITERAL_CONVERSION = YES;
				CLANG_WARN_OBJC_ROOT_CLASS = YES_ERROR;
				CLANG_WARN_QUOTED_INCLUDE_IN_FRAMEWORK_HEADER = YES;
				CLANG_WARN_RANGE_LOOP_ANALYSIS = YES;
				CLANG_WARN_STRICT_PROTOTYPES = YES;
				CLANG_WARN_SUSPICIOUS_MOVE = YES;
				CLANG_WARN_UNGUARDED_AVAILABILITY = YES_AGGRESSIVE;
				CLANG_WARN_UNREACHABLE_CODE = YES;
				CLANG_WARN__DUPLICATE_METHOD_MATCH = YES;
				COPY_PHASE_STRIP = NO;
				DEBUG_INFORMATION_FORMAT = dwarf;
				ENABLE_STRICT_OBJC_MSGSEND = YES;
				ENABLE_TESTABILITY = YES;
				GCC_C_LANGUAGE_STANDARD = gnu11;
				GCC_DYNAMIC_NO_PIC = NO;
				GCC_NO_COMMON_BLOCKS = YES;
				GCC_OPTIMIZATION_LEVEL = 0;
				GCC_PREPROCESSOR_DEFINITIONS = (
					"DEBUG=1",
					"$(inherited)",
				);
				GCC_WARN_64_TO_32_BIT_CONVERSION = YES;
				GCC_WARN_ABOUT_RETURN_TYPE = YES_ERROR;
				GCC_WARN_UNDECLARED_SELECTOR = YES;
				GCC_WARN_UNINITIALIZED_AUTOS = YES_AGGRESSIVE;
				GCC_WARN_UNUSED_FUNCTION = YES;
				GCC_WARN_UNUSED_VARIABLE = YES;
				IPHONEOS_DEPLOYMENT_TARGET = 14.2;
				MTL_ENABLE_DEBUG_INFO = INCLUDE_SOURCE;
				MTL_FAST_MATH = YES;
				ONLY_ACTIVE_ARCH = YES;
				OTHER_LDFLAGS = "-all_load";
				SDKROOT = iphoneos;
				SWIFT_ACTIVE_COMPILATION_CONDITIONS = DEBUG;
				SWIFT_OPTIMIZATION_LEVEL = "-Onone";
			};
			name = Debug;
		};
		5B7E9B1B2581637A00E5AD53 /* Release */ = {
			isa = XCBuildConfiguration;
			buildSettings = {
				ALWAYS_SEARCH_USER_PATHS = NO;
				CLANG_ANALYZER_NONNULL = YES;
				CLANG_ANALYZER_NUMBER_OBJECT_CONVERSION = YES_AGGRESSIVE;
				CLANG_CXX_LANGUAGE_STANDARD = "gnu++14";
				CLANG_CXX_LIBRARY = "libc++";
				CLANG_ENABLE_MODULES = YES;
				CLANG_ENABLE_OBJC_ARC = YES;
				CLANG_ENABLE_OBJC_WEAK = YES;
				CLANG_WARN_BLOCK_CAPTURE_AUTORELEASING = YES;
				CLANG_WARN_BOOL_CONVERSION = YES;
				CLANG_WARN_COMMA = YES;
				CLANG_WARN_CONSTANT_CONVERSION = YES;
				CLANG_WARN_DEPRECATED_OBJC_IMPLEMENTATIONS = YES;
				CLANG_WARN_DIRECT_OBJC_ISA_USAGE = YES_ERROR;
				CLANG_WARN_DOCUMENTATION_COMMENTS = YES;
				CLANG_WARN_EMPTY_BODY = YES;
				CLANG_WARN_ENUM_CONVERSION = YES;
				CLANG_WARN_INFINITE_RECURSION = YES;
				CLANG_WARN_INT_CONVERSION = YES;
				CLANG_WARN_NON_LITERAL_NULL_CONVERSION = YES;
				CLANG_WARN_OBJC_IMPLICIT_RETAIN_SELF = YES;
				CLANG_WARN_OBJC_LITERAL_CONVERSION = YES;
				CLANG_WARN_OBJC_ROOT_CLASS = YES_ERROR;
				CLANG_WARN_QUOTED_INCLUDE_IN_FRAMEWORK_HEADER = YES;
				CLANG_WARN_RANGE_LOOP_ANALYSIS = YES;
				CLANG_WARN_STRICT_PROTOTYPES = YES;
				CLANG_WARN_SUSPICIOUS_MOVE = YES;
				CLANG_WARN_UNGUARDED_AVAILABILITY = YES_AGGRESSIVE;
				CLANG_WARN_UNREACHABLE_CODE = YES;
				CLANG_WARN__DUPLICATE_METHOD_MATCH = YES;
				COPY_PHASE_STRIP = NO;
				DEBUG_INFORMATION_FORMAT = "dwarf-with-dsym";
				ENABLE_NS_ASSERTIONS = NO;
				ENABLE_STRICT_OBJC_MSGSEND = YES;
				GCC_C_LANGUAGE_STANDARD = gnu11;
				GCC_NO_COMMON_BLOCKS = YES;
				GCC_WARN_64_TO_32_BIT_CONVERSION = YES;
				GCC_WARN_ABOUT_RETURN_TYPE = YES_ERROR;
				GCC_WARN_UNDECLARED_SELECTOR = YES;
				GCC_WARN_UNINITIALIZED_AUTOS = YES_AGGRESSIVE;
				GCC_WARN_UNUSED_FUNCTION = YES;
				GCC_WARN_UNUSED_VARIABLE = YES;
				IPHONEOS_DEPLOYMENT_TARGET = 14.2;
				MTL_ENABLE_DEBUG_INFO = NO;
				MTL_FAST_MATH = YES;
				OTHER_LDFLAGS = "-all_load";
				SDKROOT = iphoneos;
				SWIFT_COMPILATION_MODE = wholemodule;
				SWIFT_OPTIMIZATION_LEVEL = "-O";
				VALIDATE_PRODUCT = YES;
			};
			name = Release;
		};
		5B7E9B1D2581637A00E5AD53 /* Debug */ = {
			isa = XCBuildConfiguration;
			buildSettings = {
				ASSETCATALOG_COMPILER_APPICON_NAME = AppIcon;
				ASSETCATALOG_COMPILER_GLOBAL_ACCENT_COLOR_NAME = AccentColor;
				CLANG_ENABLE_MODULES = YES;
				CODE_SIGN_STYLE = Automatic;
				DEVELOPMENT_ASSET_PATHS = "\"SudokuSolver/Preview Content\"";
				DEVELOPMENT_TEAM = DHBK22HHBU;
				ENABLE_PREVIEWS = YES;
				FRAMEWORK_SEARCH_PATHS = (
					"$(inherited)",
					"$(PROJECT_DIR)/Frameworks",
				);
				INFOPLIST_FILE = SudokuSolver/Info.plist;
				IPHONEOS_DEPLOYMENT_TARGET = 14.0;
				LD_RUNPATH_SEARCH_PATHS = (
					"$(inherited)",
					"@executable_path/Frameworks",
				);
				PRODUCT_BUNDLE_IDENTIFIER = com.vegardskui.SudokuSolver;
				PRODUCT_NAME = "$(TARGET_NAME)";
				SWIFT_OBJC_BRIDGING_HEADER = "SudokuSolver/SudokuSolver-Bridging-Header.h";
				SWIFT_OPTIMIZATION_LEVEL = "-Onone";
				SWIFT_VERSION = 5.0;
				TARGETED_DEVICE_FAMILY = "1,2";
			};
			name = Debug;
		};
		5B7E9B1E2581637A00E5AD53 /* Release */ = {
			isa = XCBuildConfiguration;
			buildSettings = {
				ASSETCATALOG_COMPILER_APPICON_NAME = AppIcon;
				ASSETCATALOG_COMPILER_GLOBAL_ACCENT_COLOR_NAME = AccentColor;
				CLANG_ENABLE_MODULES = YES;
				CODE_SIGN_STYLE = Automatic;
				DEVELOPMENT_ASSET_PATHS = "\"SudokuSolver/Preview Content\"";
				DEVELOPMENT_TEAM = DHBK22HHBU;
				ENABLE_PREVIEWS = YES;
				FRAMEWORK_SEARCH_PATHS = (
					"$(inherited)",
					"$(PROJECT_DIR)/Frameworks",
				);
				INFOPLIST_FILE = SudokuSolver/Info.plist;
				IPHONEOS_DEPLOYMENT_TARGET = 14.0;
				LD_RUNPATH_SEARCH_PATHS = (
					"$(inherited)",
					"@executable_path/Frameworks",
				);
				PRODUCT_BUNDLE_IDENTIFIER = com.vegardskui.SudokuSolver;
				PRODUCT_NAME = "$(TARGET_NAME)";
				SWIFT_OBJC_BRIDGING_HEADER = "SudokuSolver/SudokuSolver-Bridging-Header.h";
				SWIFT_VERSION = 5.0;
				TARGETED_DEVICE_FAMILY = "1,2";
			};
			name = Release;
		};
/* End XCBuildConfiguration section */

/* Begin XCConfigurationList section */
		5B6E50DF25854E500089BF17 /* Build configuration list for PBXNativeTarget "SudokuSolverTests" */ = {
			isa = XCConfigurationList;
			buildConfigurations = (
				5B6E50E025854E500089BF17 /* Debug */,
				5B6E50E125854E500089BF17 /* Release */,
			);
			defaultConfigurationIsVisible = 0;
			defaultConfigurationName = Release;
		};
		5B7E9B082581637900E5AD53 /* Build configuration list for PBXProject "SudokuSolver" */ = {
			isa = XCConfigurationList;
			buildConfigurations = (
				5B7E9B1A2581637A00E5AD53 /* Debug */,
				5B7E9B1B2581637A00E5AD53 /* Release */,
			);
			defaultConfigurationIsVisible = 0;
			defaultConfigurationName = Release;
		};
		5B7E9B1C2581637A00E5AD53 /* Build configuration list for PBXNativeTarget "SudokuSolver" */ = {
			isa = XCConfigurationList;
			buildConfigurations = (
				5B7E9B1D2581637A00E5AD53 /* Debug */,
				5B7E9B1E2581637A00E5AD53 /* Release */,
			);
			defaultConfigurationIsVisible = 0;
			defaultConfigurationName = Release;
		};
/* End XCConfigurationList section */
	};
	rootObject = 5B7E9B052581637900E5AD53 /* Project object */;
}
